
Microsoft Visual Studio Solution File, Format Version 12.00
# Visual Studio Version 16
VisualStudioVersion = 16.0.31019.35
MinimumVisualStudioVersion = 10.0.40219.1
Project("{9A19103F-16F7-4668-BE54-9A1E7A4F7556}") = "MovePageContent", "MovePageContent\MovePageContent.csproj", "{25891EBD-4EA6-4C29-8839-6C5A1BE0006E}"
EndProject
Global
	GlobalSection(SolutionConfigurationPlatforms) = preSolution
		Debug|x64 = Debug|x64
		Release|x64 = Release|x64
	EndGlobalSection
	GlobalSection(ProjectConfigurationPlatforms) = postSolution
		{25891EBD-4EA6-4C29-8839-6C5A1BE0006E}.Debug|x64.ActiveCfg = Debug|x64
		{25891EBD-4EA6-4C29-8839-6C5A1BE0006E}.Debug|x64.Build.0 = Debug|x64
		{25891EBD-4EA6-4C29-8839-6C5A1BE0006E}.Release|x64.ActiveCfg = Release|x64
		{25891EBD-4EA6-4C29-8839-6C5A1BE0006E}.Release|x64.Build.0 = Release|x64
	EndGlobalSection
	GlobalSection(SolutionProperties) = preSolution
		HideSolutionNode = FALSE
	EndGlobalSection
	GlobalSection(ExtensibilityGlobals) = postSolution
		SolutionGuid = {A60AACCF-F942-4885-8ED2-DF0A761BC647}
	EndGlobalSection
EndGlobal
